<?xml version="1.0" encoding="utf-8"?>
<Project ToolsVersion="4.0" xmlns="http://schemas.microsoft.com/developer/msbuild/2003">
  <ItemGroup>
    <Filter Include="Source Files">
      <UniqueIdentifier>{22fa14db-c851-485c-b9e2-ca71d2b8b340}</UniqueIdentifier>
    </Filter>
    <Filter Include="Header Files">
      <UniqueIdentifier>{25abf6f3-1854-486b-abbe-71d99b973e75}</UniqueIdentifier>
    </Filter>
    <Filter Include="Header Files\Classes">
      <UniqueIdentifier>{75951d77-6514-4fab-925a-d6fd232486a7}</UniqueIdentifier>
    </Filter>
    <Filter Include="Source Files\Classes">
      <UniqueIdentifier>{8c455773-6e62-479c-a098-cd3345413b71}</UniqueIdentifier>
    </Filter>
    <Filter Include="Header Files\Functions">
      <UniqueIdentifier>{5e883abc-8a56-49a1-bf60-0e9731fdddd8}</UniqueIdentifier>
    </Filter>
    <Filter Include="Source Files\Functions">
      <UniqueIdentifier>{b62bae2e-2e30-4737-9622-7746be775b80}</UniqueIdentifier>
    </Filter>
    <Filter Include="Source Files\Misc">
      <UniqueIdentifier>{b9cfa820-dc5b-43ca-96db-1c3820d95e69}</UniqueIdentifier>
    </Filter>
  </ItemGroup>
  <ItemGroup>
    <ClCompile Include="Card.cpp">
      <Filter>Source Files\Classes</Filter>
    </ClCompile>
    <ClCompile Include="Deck.cpp">
      <Filter>Source Files\Classes</Filter>
    </ClCompile>
    <ClCompile Include="Player.cpp">
      <Filter>Source Files\Classes</Filter>
    </ClCompile>
    <ClCompile Include="Table.cpp">
      <Filter>Source Files\Classes</Filter>
    </ClCompile>
    <ClCompile Include="Discardedcards.cpp">
      <Filter>Source Files\Classes</Filter>
    </ClCompile>
    <ClCompile Include="Maingame.cpp">
      <Filter>Source Files\Classes</Filter>
    </ClCompile>
    <ClCompile Include="Game.cpp">
      <Filter>Source Files\Functions</Filter>
    </ClCompile>
    <ClCompile Include="Setup.cpp">
      <Filter>Source Files\Functions</Filter>
    </ClCompile>
    <ClCompile Include="File.cpp">
      <Filter>Source Files\Functions</Filter>
    </ClCompile>
    <ClCompile Include="Display.cpp">
      <Filter>Source Files\Functions</Filter>
    </ClCompile>
    <ClCompile Include="main.cpp">
      <Filter>Source Files\Misc</Filter>
    </ClCompile>
  </ItemGroup>
  <ItemGroup>
    <ClInclude Include="Card.hpp">
      <Filter>Header Files\Classes</Filter>
    </ClInclude>
    <ClInclude Include="Deck.hpp">
      <Filter>Header Files\Classes</Filter>
    </ClInclude>
    <ClInclude Include="Player.hpp">
      <Filter>Header Files\Classes</Filter>
    </ClInclude>
    <ClInclude Include="Table.hpp">
      <Filter>Header Files\Classes</Filter>
    </ClInclude>
    <ClInclude Include="Discardedcards.hpp">
      <Filter>Header Files\Classes</Filter>
    </ClInclude>
    <ClInclude Include="Maingame.hpp">
      <Filter>Header Files\Classes</Filter>
    </ClInclude>
    <ClInclude Include="Game.hpp">
      <Filter>Header Files\Functions</Filter>
    </ClInclude>
    <ClInclude Include="Setup.hpp">
      <Filter>Header Files\Functions</Filter>
    </ClInclude>
    <ClInclude Include="File.hpp">
      <Filter>Header Files\Functions</Filter>
    </ClInclude>
    <ClInclude Include="Display.hpp">
      <Filter>Header Files\Functions</Filter>
    </ClInclude>
    <ClInclude Include="Includes.hpp">
      <Filter>Header Files</Filter>
    </ClInclude>
  </ItemGroup>
  <ItemGroup>
    <Text Include="DevLog.txt">
      <Filter>Header Files</Filter>
    </Text>
  </ItemGroup>
  <ItemGroup>
    <None Include="ClassDiagram1.cd">
      <Filter>Source Files\Misc</Filter>
    </None>
  </ItemGroup>
</Project>